
Microsoft Visual Studio Solution File, Format Version 12.00
# Visual Studio 2013
VisualStudioVersion = 12.0.30723.0
MinimumVisualStudioVersion = 10.0.40219.1
Project("{FAE04EC0-301F-11D3-BF4B-00C04F79EFBC}") = "MinecraftSharp.Server", "MinecraftSharp.Server\MinecraftSharp.Server.csproj", "{8E154087-D19D-47B9-9462-E3C10684AEA3}"
EndProject
Global
	GlobalSection(SolutionConfigurationPlatforms) = preSolution
		Debug|Any CPU = Debug|Any CPU
		Release|Any CPU = Release|Any CPU
	EndGlobalSection
	GlobalSection(ProjectConfigurationPlatforms) = postSolution
		{8E154087-D19D-47B9-9462-E3C10684AEA3}.Debug|Any CPU.ActiveCfg = Debug|Any CPU
		{8E154087-D19D-47B9-9462-E3C10684AEA3}.Debug|Any CPU.Build.0 = Debug|Any CPU
		{8E154087-D19D-47B9-9462-E3C10684AEA3}.Release|Any CPU.ActiveCfg = Release|Any CPU
		{8E154087-D19D-47B9-9462-E3C10684AEA3}.Release|Any CPU.Build.0 = Release|Any CPU
	EndGlobalSection
	GlobalSection(SolutionProperties) = preSolution
		HideSolutionNode = FALSE
	EndGlobalSection
EndGlobal
